
Microsoft Visual Studio Solution File, Format Version 12.00
# Visual Studio Version 17
VisualStudioVersion = 17.8.34511.84
MinimumVisualStudioVersion = 10.0.40219.1
Project("{FAE04EC0-301F-11D3-BF4B-00C04F79EFBC}") = "ChallengeApp", "ChallengeApp\ChallengeApp.csproj", "{77E1A04D-DA5D-4D83-88EB-AFB5588EF052}"
EndProject
Global
	GlobalSection(SolutionConfigurationPlatforms) = preSolution
		Debug|Any CPU = Debug|Any CPU
		Release|Any CPU = Release|Any CPU
	EndGlobalSection
	GlobalSection(ProjectConfigurationPlatforms) = postSolution
		{77E1A04D-DA5D-4D83-88EB-AFB5588EF052}.Debug|Any CPU.ActiveCfg = Debug|Any CPU
		{77E1A04D-DA5D-4D83-88EB-AFB5588EF052}.Debug|Any CPU.Build.0 = Debug|Any CPU
		{77E1A04D-DA5D-4D83-88EB-AFB5588EF052}.Release|Any CPU.ActiveCfg = Release|Any CPU
		{77E1A04D-DA5D-4D83-88EB-AFB5588EF052}.Release|Any CPU.Build.0 = Release|Any CPU
	EndGlobalSection
	GlobalSection(SolutionProperties) = preSolution
		HideSolutionNode = FALSE
	EndGlobalSection
	GlobalSection(ExtensibilityGlobals) = postSolution
		SolutionGuid = {4535E3A5-C802-4DCC-899D-8E4CEEE4CDA4}
	EndGlobalSection
EndGlobal
